Microsoft Visual Studio Solution File, Format Version 12.00
# Visual Studio 15
VisualStudioVersion = 15.0.26730.15
MinimumVisualStudioVersion = 15.0.26124.0
Project("{9A19103F-16F7-4668-BE54-9A1E7A4F7556}") = "CostOMeter.Web", "CostOMeter.Web\CostOMeter.Web.csproj", "{8E4AACC2-CD53-4702-BEBB-D200A1D8FA2F}"
EndProject
Project("{9A19103F-16F7-4668-BE54-9A1E7A4F7556}") = "CostOMeter.Web.Tests", "CostOMeter.Web.Tests\CostOMeter.Web.Tests.csproj", "{B699FC9C-0D58-4563-BDC1-5BD02BEE236A}"
EndProject
Global
	GlobalSection(SolutionConfigurationPlatforms) = preSolution
		Debug|Any CPU = Debug|Any CPU
		Debug|x64 = Debug|x64
		Debug|x86 = Debug|x86
		Release|Any CPU = Release|Any CPU
		Release|x64 = Release|x64
		Release|x86 = Release|x86
	EndGlobalSection
	GlobalSection(ProjectConfigurationPlatforms) = postSolution
		{8E4AACC2-CD53-4702-BEBB-D200A1D8FA2F}.Debug|Any CPU.ActiveCfg = Debug|Any CPU
		{8E4AACC2-CD53-4702-BEBB-D200A1D8FA2F}.Debug|Any CPU.Build.0 = Debug|Any CPU
		{8E4AACC2-CD53-4702-BEBB-D200A1D8FA2F}.Debug|x64.ActiveCfg = Debug|Any CPU
		{8E4AACC2-CD53-4702-BEBB-D200A1D8FA2F}.Debug|x64.Build.0 = Debug|Any CPU
		{8E4AACC2-CD53-4702-BEBB-D200A1D8FA2F}.Debug|x86.ActiveCfg = Debug|Any CPU
		{8E4AACC2-CD53-4702-BEBB-D200A1D8FA2F}.Debug|x86.Build.0 = Debug|Any CPU
		{8E4AACC2-CD53-4702-BEBB-D200A1D8FA2F}.Release|Any CPU.ActiveCfg = Release|Any CPU
		{8E4AACC2-CD53-4702-BEBB-D200A1D8FA2F}.Release|Any CPU.Build.0 = Release|Any CPU
		{8E4AACC2-CD53-4702-BEBB-D200A1D8FA2F}.Release|x64.ActiveCfg = Release|Any CPU
		{8E4AACC2-CD53-4702-BEBB-D200A1D8FA2F}.Release|x64.Build.0 = Release|Any CPU
		{8E4AACC2-CD53-4702-BEBB-D200A1D8FA2F}.Release|x86.ActiveCfg = Release|Any CPU
		{8E4AACC2-CD53-4702-BEBB-D200A1D8FA2F}.Release|x86.Build.0 = Release|Any CPU
		{B699FC9C-0D58-4563-BDC1-5BD02BEE236A}.Debug|Any CPU.ActiveCfg = Debug|Any CPU
		{B699FC9C-0D58-4563-BDC1-5BD02BEE236A}.Debug|Any CPU.Build.0 = Debug|Any CPU
		{B699FC9C-0D58-4563-BDC1-5BD02BEE236A}.Debug|x64.ActiveCfg = Debug|Any CPU
		{B699FC9C-0D58-4563-BDC1-5BD02BEE236A}.Debug|x64.Build.0 = Debug|Any CPU
		{B699FC9C-0D58-4563-BDC1-5BD02BEE236A}.Debug|x86.ActiveCfg = Debug|Any CPU
		{B699FC9C-0D58-4563-BDC1-5BD02BEE236A}.Debug|x86.Build.0 = Debug|Any CPU
		{B699FC9C-0D58-4563-BDC1-5BD02BEE236A}.Release|Any CPU.ActiveCfg = Release|Any CPU
		{B699FC9C-0D58-4563-BDC1-5BD02BEE236A}.Release|Any CPU.Build.0 = Release|Any CPU
		{B699FC9C-0D58-4563-BDC1-5BD02BEE236A}.Release|x64.ActiveCfg = Release|Any CPU
		{B699FC9C-0D58-4563-BDC1-5BD02BEE236A}.Release|x64.Build.0 = Release|Any CPU
		{B699FC9C-0D58-4563-BDC1-5BD02BEE236A}.Release|x86.ActiveCfg = Release|Any CPU
		{B699FC9C-0D58-4563-BDC1-5BD02BEE236A}.Release|x86.Build.0 = Release|Any CPU
	EndGlobalSection
	GlobalSection(SolutionProperties) = preSolution
		HideSolutionNode = FALSE
	EndGlobalSection
	GlobalSection(ExtensibilityGlobals) = postSolution
		SolutionGuid = {CF2D6D09-BA8B-4F63-A05D-1055585EDC22}
	EndGlobalSection
EndGlobal
